
Microsoft Visual Studio Solution File, Format Version 12.00
# Visual Studio Version 17
VisualStudioVersion = 17.7.34031.279
MinimumVisualStudioVersion = 10.0.40219.1
Project("{8BC9CEB8-8B4A-11D0-8D11-00A0C91BC942}") = "20231206", "20231206\20231206.vcxproj", "{1C9D0390-0FA7-4953-A983-5B58906CBBAE}"
EndProject
Global
	GlobalSection(SolutionConfigurationPlatforms) = preSolution
		Debug|x64 = Debug|x64
		Debug|x86 = Debug|x86
		Release|x64 = Release|x64
		Release|x86 = Release|x86
	EndGlobalSection
	GlobalSection(ProjectConfigurationPlatforms) = postSolution
		{1C9D0390-0FA7-4953-A983-5B58906CBBAE}.Debug|x64.ActiveCfg = Debug|x64
		{1C9D0390-0FA7-4953-A983-5B58906CBBAE}.Debug|x64.Build.0 = Debug|x64
		{1C9D0390-0FA7-4953-A983-5B58906CBBAE}.Debug|x86.ActiveCfg = Debug|Win32
		{1C9D0390-0FA7-4953-A983-5B58906CBBAE}.Debug|x86.Build.0 = Debug|Win32
		{1C9D0390-0FA7-4953-A983-5B58906CBBAE}.Release|x64.ActiveCfg = Release|x64
		{1C9D0390-0FA7-4953-A983-5B58906CBBAE}.Release|x64.Build.0 = Release|x64
		{1C9D0390-0FA7-4953-A983-5B58906CBBAE}.Release|x86.ActiveCfg = Release|Win32
		{1C9D0390-0FA7-4953-A983-5B58906CBBAE}.Release|x86.Build.0 = Release|Win32
	EndGlobalSection
	GlobalSection(SolutionProperties) = preSolution
		HideSolutionNode = FALSE
	EndGlobalSection
	GlobalSection(ExtensibilityGlobals) = postSolution
		SolutionGuid = {10D64F65-799E-4671-9F4E-B5AEEE0AC78E}
	EndGlobalSection
EndGlobal
