<?xml version="1.0" encoding="utf-8"?>
<Project ToolsVersion="4.0" xmlns="http://schemas.microsoft.com/developer/msbuild/2003">
  <ItemGroup>
    <Filter Include="리소스 파일">
      <UniqueIdentifier>{67DA6AB6-F800-4c08-8B7A-83BB121AAD01}</UniqueIdentifier>
      <Extensions>rc;ico;cur;bmp;dlg;rc2;rct;bin;rgs;gif;jpg;jpeg;jpe;resx;tiff;tif;png;wav;mfcribbon-ms</Extensions>
    </Filter>
    <Filter Include="Game">
      <UniqueIdentifier>{cd6dbe32-2f81-4172-a454-33f9c1d8cb71}</UniqueIdentifier>
    </Filter>
    <Filter Include="Map">
      <UniqueIdentifier>{5109abc1-a81a-4945-aa90-09ef3fc76750}</UniqueIdentifier>
    </Filter>
    <Filter Include="Object">
      <UniqueIdentifier>{f9aa3da1-5212-4d03-bc10-1b38957d2175}</UniqueIdentifier>
    </Filter>
  </ItemGroup>
  <ItemGroup>
    <ClCompile Include="console.cpp">
      <Filter>Game</Filter>
    </ClCompile>
    <ClCompile Include="main.cpp">
      <Filter>Game</Filter>
    </ClCompile>
    <ClCompile Include="Core.cpp">
      <Filter>Game</Filter>
    </ClCompile>
    <ClCompile Include="Stage.cpp">
      <Filter>Map</Filter>
    </ClCompile>
    <ClCompile Include="MapManager.cpp">
      <Filter>Map</Filter>
    </ClCompile>
  </ItemGroup>
  <ItemGroup>
    <ClInclude Include="console.h">
      <Filter>Game</Filter>
    </ClInclude>
    <ClInclude Include="Core.h">
      <Filter>Game</Filter>
    </ClInclude>
    <ClInclude Include="define.h">
      <Filter>Game</Filter>
    </ClInclude>
    <ClInclude Include="Stage.h">
      <Filter>Map</Filter>
    </ClInclude>
    <ClInclude Include="MapManager.h">
      <Filter>Map</Filter>
    </ClInclude>
  </ItemGroup>
</Project>