
Microsoft Visual Studio Solution File, Format Version 12.00
# Visual Studio Version 17
VisualStudioVersion = 17.6.33829.357
MinimumVisualStudioVersion = 10.0.40219.1
Project("{FAE04EC0-301F-11D3-BF4B-00C04F79EFBC}") = "20230918 ChatServerCS", "20230918 ChatServerCS\20230918 ChatServerCS.csproj", "{29A5537D-CF55-4C54-956A-AB53BB7806D2}"
EndProject
Global
	GlobalSection(SolutionConfigurationPlatforms) = preSolution
		Debug|Any CPU = Debug|Any CPU
		Release|Any CPU = Release|Any CPU
	EndGlobalSection
	GlobalSection(ProjectConfigurationPlatforms) = postSolution
		{29A5537D-CF55-4C54-956A-AB53BB7806D2}.Debug|Any CPU.ActiveCfg = Debug|Any CPU
		{29A5537D-CF55-4C54-956A-AB53BB7806D2}.Debug|Any CPU.Build.0 = Debug|Any CPU
		{29A5537D-CF55-4C54-956A-AB53BB7806D2}.Release|Any CPU.ActiveCfg = Release|Any CPU
		{29A5537D-CF55-4C54-956A-AB53BB7806D2}.Release|Any CPU.Build.0 = Release|Any CPU
	EndGlobalSection
	GlobalSection(SolutionProperties) = preSolution
		HideSolutionNode = FALSE
	EndGlobalSection
	GlobalSection(ExtensibilityGlobals) = postSolution
		SolutionGuid = {60D8667D-988D-4559-AF3F-8C362380B114}
	EndGlobalSection
EndGlobal
