
Microsoft Visual Studio Solution File, Format Version 12.00
# Visual Studio Version 17
VisualStudioVersion = 17.6.33829.357
MinimumVisualStudioVersion = 10.0.40219.1
Project("{FAE04EC0-301F-11D3-BF4B-00C04F79EFBC}") = "20230913 Assignment", "20230913 Assignment\20230913 Assignment.csproj", "{9B88996B-7F67-44ED-BAF7-762103934A2F}"
EndProject
Global
	GlobalSection(SolutionConfigurationPlatforms) = preSolution
		Debug|Any CPU = Debug|Any CPU
		Release|Any CPU = Release|Any CPU
	EndGlobalSection
	GlobalSection(ProjectConfigurationPlatforms) = postSolution
		{9B88996B-7F67-44ED-BAF7-762103934A2F}.Debug|Any CPU.ActiveCfg = Debug|Any CPU
		{9B88996B-7F67-44ED-BAF7-762103934A2F}.Debug|Any CPU.Build.0 = Debug|Any CPU
		{9B88996B-7F67-44ED-BAF7-762103934A2F}.Release|Any CPU.ActiveCfg = Release|Any CPU
		{9B88996B-7F67-44ED-BAF7-762103934A2F}.Release|Any CPU.Build.0 = Release|Any CPU
	EndGlobalSection
	GlobalSection(SolutionProperties) = preSolution
		HideSolutionNode = FALSE
	EndGlobalSection
	GlobalSection(ExtensibilityGlobals) = postSolution
		SolutionGuid = {292792A4-B00C-42DE-881C-1AFB6BB792CA}
	EndGlobalSection
EndGlobal
