
Microsoft Visual Studio Solution File, Format Version 12.00
# Visual Studio Version 17
VisualStudioVersion = 17.6.33829.357
MinimumVisualStudioVersion = 10.0.40219.1
Project("{FAE04EC0-301F-11D3-BF4B-00C04F79EFBC}") = "20230913 RecvDataSingleThreadCS", "20230913 RecvDataSingleThreadCS\20230913 RecvDataSingleThreadCS.csproj", "{89D8B235-57FA-40F9-8B89-B17CD758918C}"
EndProject
Global
	GlobalSection(SolutionConfigurationPlatforms) = preSolution
		Debug|Any CPU = Debug|Any CPU
		Release|Any CPU = Release|Any CPU
	EndGlobalSection
	GlobalSection(ProjectConfigurationPlatforms) = postSolution
		{89D8B235-57FA-40F9-8B89-B17CD758918C}.Debug|Any CPU.ActiveCfg = Debug|Any CPU
		{89D8B235-57FA-40F9-8B89-B17CD758918C}.Debug|Any CPU.Build.0 = Debug|Any CPU
		{89D8B235-57FA-40F9-8B89-B17CD758918C}.Release|Any CPU.ActiveCfg = Release|Any CPU
		{89D8B235-57FA-40F9-8B89-B17CD758918C}.Release|Any CPU.Build.0 = Release|Any CPU
	EndGlobalSection
	GlobalSection(SolutionProperties) = preSolution
		HideSolutionNode = FALSE
	EndGlobalSection
	GlobalSection(ExtensibilityGlobals) = postSolution
		SolutionGuid = {02CDC5AA-0E99-439A-95FC-7FF981C0EACD}
	EndGlobalSection
EndGlobal
