
Microsoft Visual Studio Solution File, Format Version 12.00
# Visual Studio Version 17
VisualStudioVersion = 17.1.32228.430
MinimumVisualStudioVersion = 10.0.40219.1
Project("{8BC9CEB8-8B4A-11D0-8D11-00A0C91BC942}") = "20230316", "20230316\20230316.vcxproj", "{1EABD1A2-0A0D-4403-A565-6955EE37C1A5}"
EndProject
Global
	GlobalSection(SolutionConfigurationPlatforms) = preSolution
		Debug|x64 = Debug|x64
		Debug|x86 = Debug|x86
		Release|x64 = Release|x64
		Release|x86 = Release|x86
	EndGlobalSection
	GlobalSection(ProjectConfigurationPlatforms) = postSolution
		{1EABD1A2-0A0D-4403-A565-6955EE37C1A5}.Debug|x64.ActiveCfg = Debug|x64
		{1EABD1A2-0A0D-4403-A565-6955EE37C1A5}.Debug|x64.Build.0 = Debug|x64
		{1EABD1A2-0A0D-4403-A565-6955EE37C1A5}.Debug|x86.ActiveCfg = Debug|Win32
		{1EABD1A2-0A0D-4403-A565-6955EE37C1A5}.Debug|x86.Build.0 = Debug|Win32
		{1EABD1A2-0A0D-4403-A565-6955EE37C1A5}.Release|x64.ActiveCfg = Release|x64
		{1EABD1A2-0A0D-4403-A565-6955EE37C1A5}.Release|x64.Build.0 = Release|x64
		{1EABD1A2-0A0D-4403-A565-6955EE37C1A5}.Release|x86.ActiveCfg = Release|Win32
		{1EABD1A2-0A0D-4403-A565-6955EE37C1A5}.Release|x86.Build.0 = Release|Win32
	EndGlobalSection
	GlobalSection(SolutionProperties) = preSolution
		HideSolutionNode = FALSE
	EndGlobalSection
	GlobalSection(ExtensibilityGlobals) = postSolution
		SolutionGuid = {B6700B82-9BBF-4097-8686-6440A02DEB1F}
	EndGlobalSection
EndGlobal
